
Microsoft Visual Studio Solution File, Format Version 12.00
# Visual Studio 15
VisualStudioVersion = 15.0.27130.2024
MinimumVisualStudioVersion = 10.0.40219.1
Project("{FAE04EC0-301F-11D3-BF4B-00C04F79EFBC}") = "ASP_assignment", "ASP_assignment\ASP_assignment.csproj", "{C0B9CFA6-A9A6-4476-A5B9-C18B68D46FE9}"
EndProject
Project("{FAE04EC0-301F-11D3-BF4B-00C04F79EFBC}") = "ASP_assignment.Tests", "ASP_assignment.Tests\ASP_assignment.Tests.csproj", "{317D9799-2EF4-4366-8308-8809A45E241B}"
EndProject
Global
	GlobalSection(SolutionConfigurationPlatforms) = preSolution
		Debug|Any CPU = Debug|Any CPU
		Release|Any CPU = Release|Any CPU
	EndGlobalSection
	GlobalSection(ProjectConfigurationPlatforms) = postSolution
		{C0B9CFA6-A9A6-4476-A5B9-C18B68D46FE9}.Debug|Any CPU.ActiveCfg = Debug|Any CPU
		{C0B9CFA6-A9A6-4476-A5B9-C18B68D46FE9}.Debug|Any CPU.Build.0 = Debug|Any CPU
		{C0B9CFA6-A9A6-4476-A5B9-C18B68D46FE9}.Release|Any CPU.ActiveCfg = Release|Any CPU
		{C0B9CFA6-A9A6-4476-A5B9-C18B68D46FE9}.Release|Any CPU.Build.0 = Release|Any CPU
		{317D9799-2EF4-4366-8308-8809A45E241B}.Debug|Any CPU.ActiveCfg = Debug|Any CPU
		{317D9799-2EF4-4366-8308-8809A45E241B}.Debug|Any CPU.Build.0 = Debug|Any CPU
		{317D9799-2EF4-4366-8308-8809A45E241B}.Release|Any CPU.ActiveCfg = Release|Any CPU
		{317D9799-2EF4-4366-8308-8809A45E241B}.Release|Any CPU.Build.0 = Release|Any CPU
	EndGlobalSection
	GlobalSection(SolutionProperties) = preSolution
		HideSolutionNode = FALSE
	EndGlobalSection
	GlobalSection(ExtensibilityGlobals) = postSolution
		SolutionGuid = {255C199B-04FE-414A-8B73-310725EFB9DC}
	EndGlobalSection
EndGlobal
